
Microsoft Visual Studio Solution File, Format Version 12.00
# Visual Studio Version 16
VisualStudioVersion = 16.0.32126.315
MinimumVisualStudioVersion = 10.0.40219.1
Project("{FAE04EC0-301F-11D3-BF4B-00C04F79EFBC}") = "PaintTintingDesktopApp", "PaintTintingDesktopApp.csproj", "{3651EF68-7127-44FD-8A81-152E651B5600}"
EndProject
Project("{2150E333-8FDC-42A3-9474-1A3956D46DE8}") = "Solution Items", "Solution Items", "{4A07508B-68E2-402C-9BA4-A904064953BC}"
	ProjectSection(SolutionItems) = preProject
		.editorconfig = .editorconfig
	EndProjectSection
EndProject
Project("{FAE04EC0-301F-11D3-BF4B-00C04F79EFBC}") = "PaintTintingDesktopAppTests", "..\PaintTintingDesktopAppTests\PaintTintingDesktopAppTests.csproj", "{11226068-3668-4BC0-B4C1-8E20482BD83D}"
EndProject
Global
	GlobalSection(SolutionConfigurationPlatforms) = preSolution
		Debug|Any CPU = Debug|Any CPU
		Release|Any CPU = Release|Any CPU
	EndGlobalSection
	GlobalSection(ProjectConfigurationPlatforms) = postSolution
		{3651EF68-7127-44FD-8A81-152E651B5600}.Debug|Any CPU.ActiveCfg = Debug|Any CPU
		{3651EF68-7127-44FD-8A81-152E651B5600}.Debug|Any CPU.Build.0 = Debug|Any CPU
		{3651EF68-7127-44FD-8A81-152E651B5600}.Release|Any CPU.ActiveCfg = Release|Any CPU
		{3651EF68-7127-44FD-8A81-152E651B5600}.Release|Any CPU.Build.0 = Release|Any CPU
		{11226068-3668-4BC0-B4C1-8E20482BD83D}.Debug|Any CPU.ActiveCfg = Debug|Any CPU
		{11226068-3668-4BC0-B4C1-8E20482BD83D}.Debug|Any CPU.Build.0 = Debug|Any CPU
		{11226068-3668-4BC0-B4C1-8E20482BD83D}.Release|Any CPU.ActiveCfg = Release|Any CPU
		{11226068-3668-4BC0-B4C1-8E20482BD83D}.Release|Any CPU.Build.0 = Release|Any CPU
	EndGlobalSection
	GlobalSection(SolutionProperties) = preSolution
		HideSolutionNode = FALSE
	EndGlobalSection
	GlobalSection(ExtensibilityGlobals) = postSolution
		SolutionGuid = {5418C25A-21F8-44AB-8A0B-CAE3691616E9}
	EndGlobalSection
EndGlobal
